// !$*UTF8*$!
{
	archiveVersion = 1;
	classes = {
	};
	objectVersion = 46;
	objects = {

/* Begin PBXBuildFile section */
		498CE3941F69A32000CA6FEA /* CardSetStore.swift in Sources */ = {isa = PBXBuildFile; fileRef = 498CE3931F69A32000CA6FEA /* CardSetStore.swift */; };
		499ED2911F6C4552001B1D25 /* CardSet.swift in Sources */ = {isa = PBXBuildFile; fileRef = 499ED2901F6C4552001B1D25 /* CardSet.swift */; };
		49B4AF951F5C671500102A34 /* AppDelegate.swift in Sources */ = {isa = PBXBuildFile; fileRef = 49B4AF941F5C671500102A34 /* AppDelegate.swift */; };
		49B4AF971F5C671500102A34 /* ViewController.swift in Sources */ = {isa = PBXBuildFile; fileRef = 49B4AF961F5C671500102A34 /* ViewController.swift */; };
		49B4AF9A1F5C671500102A34 /* Main.storyboard in Resources */ = {isa = PBXBuildFile; fileRef = 49B4AF981F5C671500102A34 /* Main.storyboard */; };
		49B4AF9C1F5C671500102A34 /* Assets.xcassets in Resources */ = {isa = PBXBuildFile; fileRef = 49B4AF9B1F5C671500102A34 /* Assets.xcassets */; };
		49B4AF9F1F5C671500102A34 /* LaunchScreen.storyboard in Resources */ = {isa = PBXBuildFile; fileRef = 49B4AF9D1F5C671500102A34 /* LaunchScreen.storyboard */; };
		49B4AFA71F5C73A300102A34 /* InfoViewController.swift in Sources */ = {isa = PBXBuildFile; fileRef = 49B4AFA61F5C73A300102A34 /* InfoViewController.swift */; };
		49B4AFAB1F5C75A700102A34 /* Term.swift in Sources */ = {isa = PBXBuildFile; fileRef = 49B4AFAA1F5C75A700102A34 /* Term.swift */; };
		49B4AFAD1F5C7A1800102A34 /* NewSetViewController.swift in Sources */ = {isa = PBXBuildFile; fileRef = 49B4AFAC1F5C7A1800102A34 /* NewSetViewController.swift */; };
		49B4AFAF1F5C897200102A34 /* SetEditorViewController.swift in Sources */ = {isa = PBXBuildFile; fileRef = 49B4AFAE1F5C897200102A34 /* SetEditorViewController.swift */; };
		49B4AFB11F5CDDA100102A34 /* TermCellSplit.swift in Sources */ = {isa = PBXBuildFile; fileRef = 49B4AFB01F5CDDA100102A34 /* TermCellSplit.swift */; };
/* End PBXBuildFile section */

/* Begin PBXFileReference section */
		498CE3931F69A32000CA6FEA /* CardSetStore.swift */ = {isa = PBXFileReference; fileEncoding = 4; lastKnownFileType = sourcecode.swift; path = CardSetStore.swift; sourceTree = "<group>"; };
		499ED2901F6C4552001B1D25 /* CardSet.swift */ = {isa = PBXFileReference; fileEncoding = 4; lastKnownFileType = sourcecode.swift; name = CardSet.swift; path = ../CardSet.swift; sourceTree = "<group>"; };
		49B4AF911F5C671500102A34 /* Flash Memory.app */ = {isa = PBXFileReference; explicitFileType = wrapper.application; includeInIndex = 0; path = "Flash Memory.app"; sourceTree = BUILT_PRODUCTS_DIR; };
		49B4AF941F5C671500102A34 /* AppDelegate.swift */ = {isa = PBXFileReference; lastKnownFileType = sourcecode.swift; path = AppDelegate.swift; sourceTree = "<group>"; };
		49B4AF961F5C671500102A34 /* ViewController.swift */ = {isa = PBXFileReference; lastKnownFileType = sourcecode.swift; path = ViewController.swift; sourceTree = "<group>"; };
		49B4AF991F5C671500102A34 /* Base */ = {isa = PBXFileReference; lastKnownFileType = file.storyboard; name = Base; path = Base.lproj/Main.storyboard; sourceTree = "<group>"; };
		49B4AF9B1F5C671500102A34 /* Assets.xcassets */ = {isa = PBXFileReference; lastKnownFileType = folder.assetcatalog; path = Assets.xcassets; sourceTree = "<group>"; };
		49B4AF9E1F5C671500102A34 /* Base */ = {isa = PBXFileReference; lastKnownFileType = file.storyboard; name = Base; path = Base.lproj/LaunchScreen.storyboard; sourceTree = "<group>"; };
		49B4AFA01F5C671500102A34 /* Info.plist */ = {isa = PBXFileReference; lastKnownFileType = text.plist.xml; path = Info.plist; sourceTree = "<group>"; };
		49B4AFA61F5C73A300102A34 /* InfoViewController.swift */ = {isa = PBXFileReference; fileEncoding = 4; lastKnownFileType = sourcecode.swift; path = InfoViewController.swift; sourceTree = "<group>"; };
		49B4AFAA1F5C75A700102A34 /* Term.swift */ = {isa = PBXFileReference; fileEncoding = 4; lastKnownFileType = sourcecode.swift; path = Term.swift; sourceTree = "<group>"; };
		49B4AFAC1F5C7A1800102A34 /* NewSetViewController.swift */ = {isa = PBXFileReference; fileEncoding = 4; lastKnownFileType = sourcecode.swift; path = NewSetViewController.swift; sourceTree = "<group>"; };
		49B4AFAE1F5C897200102A34 /* SetEditorViewController.swift */ = {isa = PBXFileReference; fileEncoding = 4; lastKnownFileType = sourcecode.swift; path = SetEditorViewController.swift; sourceTree = "<group>"; };
		49B4AFB01F5CDDA100102A34 /* TermCellSplit.swift */ = {isa = PBXFileReference; fileEncoding = 4; lastKnownFileType = sourcecode.swift; path = TermCellSplit.swift; sourceTree = "<group>"; };
/* End PBXFileReference section */

/* Begin PBXFrameworksBuildPhase section */
		49B4AF8E1F5C671500102A34 /* Frameworks */ = {
			isa = PBXFrameworksBuildPhase;
			buildActionMask = 2147483647;
			files = (
			);
			runOnlyForDeploymentPostprocessing = 0;
		};
/* End PBXFrameworksBuildPhase section */

/* Begin PBXGroup section */
		49B4AF881F5C671500102A34 = {
			isa = PBXGroup;
			children = (
				49B4AF931F5C671500102A34 /* Flash Memory */,
				49B4AF921F5C671500102A34 /* Products */,
			);
			sourceTree = "<group>";
		};
		49B4AF921F5C671500102A34 /* Products */ = {
			isa = PBXGroup;
			children = (
				49B4AF911F5C671500102A34 /* Flash Memory.app */,
			);
			name = Products;
			sourceTree = "<group>";
		};
		49B4AF931F5C671500102A34 /* Flash Memory */ = {
			isa = PBXGroup;
			children = (
				499ED2901F6C4552001B1D25 /* CardSet.swift */,
				49B4AF941F5C671500102A34 /* AppDelegate.swift */,
				49B4AF961F5C671500102A34 /* ViewController.swift */,
				49B4AF981F5C671500102A34 /* Main.storyboard */,
				49B4AFB01F5CDDA100102A34 /* TermCellSplit.swift */,
				49B4AFAE1F5C897200102A34 /* SetEditorViewController.swift */,
				49B4AFAC1F5C7A1800102A34 /* NewSetViewController.swift */,
				498CE3931F69A32000CA6FEA /* CardSetStore.swift */,
				49B4AFAA1F5C75A700102A34 /* Term.swift */,
				49B4AFA61F5C73A300102A34 /* InfoViewController.swift */,
				49B4AF9B1F5C671500102A34 /* Assets.xcassets */,
				49B4AF9D1F5C671500102A34 /* LaunchScreen.storyboard */,
				49B4AFA01F5C671500102A34 /* Info.plist */,
			);
			path = "Flash Memory";
			sourceTree = "<group>";
		};
/* End PBXGroup section */

/* Begin PBXNativeTarget section */
		49B4AF901F5C671500102A34 /* Flash Memory */ = {
			isa = PBXNativeTarget;
			buildConfigurationList = 49B4AFA31F5C671500102A34 /* Build configuration list for PBXNativeTarget "Flash Memory" */;
			buildPhases = (
				49B4AF8D1F5C671500102A34 /* Sources */,
				49B4AF8E1F5C671500102A34 /* Frameworks */,
				49B4AF8F1F5C671500102A34 /* Resources */,
			);
			buildRules = (
			);
			dependencies = (
			);
			name = "Flash Memory";
			productName = "Flash Memory";
			productReference = 49B4AF911F5C671500102A34 /* Flash Memory.app */;
			productType = "com.apple.product-type.application";
		};
/* End PBXNativeTarget section */

/* Begin PBXProject section */
		49B4AF891F5C671500102A34 /* Project object */ = {
			isa = PBXProject;
			attributes = {
				LastSwiftUpdateCheck = 0830;
				LastUpgradeCheck = 0830;
				ORGANIZATIONNAME = "Ty Markijg";
				TargetAttributes = {
					49B4AF901F5C671500102A34 = {
						CreatedOnToolsVersion = 8.3.3;
						DevelopmentTeam = S67SBSB58B;
						ProvisioningStyle = Automatic;
					};
				};
			};
			buildConfigurationList = 49B4AF8C1F5C671500102A34 /* Build configuration list for PBXProject "Flash Memory" */;
			compatibilityVersion = "Xcode 3.2";
			developmentRegion = English;
			hasScannedForEncodings = 0;
			knownRegions = (
				en,
				Base,
			);
			mainGroup = 49B4AF881F5C671500102A34;
			productRefGroup = 49B4AF921F5C671500102A34 /* Products */;
			projectDirPath = "";
			projectRoot = "";
			targets = (
				49B4AF901F5C671500102A34 /* Flash Memory */,
			);
		};
/* End PBXProject section */

/* Begin PBXResourcesBuildPhase section */
		49B4AF8F1F5C671500102A34 /* Resources */ = {
			isa = PBXResourcesBuildPhase;
			buildActionMask = 2147483647;
			files = (
				49B4AF9F1F5C671500102A34 /* LaunchScreen.storyboard in Resources */,
				49B4AF9C1F5C671500102A34 /* Assets.xcassets in Resources */,
				49B4AF9A1F5C671500102A34 /* Main.storyboard in Resources */,
			);
			runOnlyForDeploymentPostprocessing = 0;
		};
/* End PBXResourcesBuildPhase section */

/* Begin PBXSourcesBuildPhase section */
		49B4AF8D1F5C671500102A34 /* Sources */ = {
			isa = PBXSourcesBuildPhase;
			buildActionMask = 2147483647;
			files = (
				49B4AFAF1F5C897200102A34 /* SetEditorViewController.swift in Sources */,
				49B4AF971F5C671500102A34 /* ViewController.swift in Sources */,
				49B4AFB11F5CDDA100102A34 /* TermCellSplit.swift in Sources */,
				49B4AFA71F5C73A300102A34 /* InfoViewController.swift in Sources */,
				49B4AFAD1F5C7A1800102A34 /* NewSetViewController.swift in Sources */,
				49B4AFAB1F5C75A700102A34 /* Term.swift in Sources */,
				49B4AF951F5C671500102A34 /* AppDelegate.swift in Sources */,
				499ED2911F6C4552001B1D25 /* CardSet.swift in Sources */,
				498CE3941F69A32000CA6FEA /* CardSetStore.swift in Sources */,
			);
			runOnlyForDeploymentPostprocessing = 0;
		};
/* End PBXSourcesBuildPhase section */

/* Begin PBXVariantGroup section */
		49B4AF981F5C671500102A34 /* Main.storyboard */ = {
			isa = PBXVariantGroup;
			children = (
				49B4AF991F5C671500102A34 /* Base */,
			);
			name = Main.storyboard;
			sourceTree = "<group>";
		};
		49B4AF9D1F5C671500102A34 /* LaunchScreen.storyboard */ = {
			isa = PBXVariantGroup;
			children = (
				49B4AF9E1F5C671500102A34 /* Base */,
			);
			name = LaunchScreen.storyboard;
			sourceTree = "<group>";
		};
/* End PBXVariantGroup section */

/* Begin XCBuildConfiguration section */
		49B4AFA11F5C671500102A34 /* Debug */ = {
			isa = XCBuildConfiguration;
			buildSettings = {
				ALWAYS_SEARCH_USER_PATHS = NO;
				CLANG_ANALYZER_NONNULL = YES;
				CLANG_ANALYZER_NUMBER_OBJECT_CONVERSION = YES_AGGRESSIVE;
				CLANG_CXX_LANGUAGE_STANDARD = "gnu++0x";
				CLANG_CXX_LIBRARY = "libc++";
				CLANG_ENABLE_MODULES = YES;
				CLANG_ENABLE_OBJC_ARC = YES;
				CLANG_WARN_BOOL_CONVERSION = YES;
				CLANG_WARN_CONSTANT_CONVERSION = YES;
				CLANG_WARN_DIRECT_OBJC_ISA_USAGE = YES_ERROR;
				CLANG_WARN_DOCUMENTATION_COMMENTS = YES;
				CLANG_WARN_EMPTY_BODY = YES;
				CLANG_WARN_ENUM_CONVERSION = YES;
				CLANG_WARN_INFINITE_RECURSION = YES;
				CLANG_WARN_INT_CONVERSION = YES;
				CLANG_WARN_OBJC_ROOT_CLASS = YES_ERROR;
				CLANG_WARN_SUSPICIOUS_MOVE = YES;
				CLANG_WARN_UNREACHABLE_CODE = YES;
				CLANG_WARN__DUPLICATE_METHOD_MATCH = YES;
				"CODE_SIGN_IDENTITY[sdk=iphoneos*]" = "iPhone Developer";
				COPY_PHASE_STRIP = NO;
				DEBUG_INFORMATION_FORMAT = dwarf;
				ENABLE_STRICT_OBJC_MSGSEND = YES;
				ENABLE_TESTABILITY = YES;
				GCC_C_LANGUAGE_STANDARD = gnu99;
				GCC_DYNAMIC_NO_PIC = NO;
				GCC_NO_COMMON_BLOCKS = YES;
				GCC_OPTIMIZATION_LEVEL = 0;
				GCC_PREPROCESSOR_DEFINITIONS = (
					"DEBUG=1",
					"$(inherited)",
				);
				GCC_WARN_64_TO_32_BIT_CONVERSION = YES;
				GCC_WARN_ABOUT_RETURN_TYPE = YES_ERROR;
				GCC_WARN_UNDECLARED_SELECTOR = YES;
				GCC_WARN_UNINITIALIZED_AUTOS = YES_AGGRESSIVE;
				GCC_WARN_UNUSED_FUNCTION = YES;
				GCC_WARN_UNUSED_VARIABLE = YES;
				IPHONEOS_DEPLOYMENT_TARGET = 10.3;
				MTL_ENABLE_DEBUG_INFO = YES;
				ONLY_ACTIVE_ARCH = YES;
				SDKROOT = iphoneos;
				SWIFT_ACTIVE_COMPILATION_CONDITIONS = DEBUG;
				SWIFT_OPTIMIZATION_LEVEL = "-Onone";
				TARGETED_DEVICE_FAMILY = "1,2";
			};
			name = Debug;
		};
		49B4AFA21F5C671500102A34 /* Release */ = {
			isa = XCBuildConfiguration;
			buildSettings = {
				ALWAYS_SEARCH_USER_PATHS = NO;
				CLANG_ANALYZER_NONNULL = YES;
				CLANG_ANALYZER_NUMBER_OBJECT_CONVERSION = YES_AGGRESSIVE;
				CLANG_CXX_LANGUAGE_STANDARD = "gnu++0x";
				CLANG_CXX_LIBRARY = "libc++";
				CLANG_ENABLE_MODULES = YES;
				CLANG_ENABLE_OBJC_ARC = YES;
				CLANG_WARN_BOOL_CONVERSION = YES;
				CLANG_WARN_CONSTANT_CONVERSION = YES;
				CLANG_WARN_DIRECT_OBJC_ISA_USAGE = YES_ERROR;
				CLANG_WARN_DOCUMENTATION_COMMENTS = YES;
				CLANG_WARN_EMPTY_BODY = YES;
				CLANG_WARN_ENUM_CONVERSION = YES;
				CLANG_WARN_INFINITE_RECURSION = YES;
				CLANG_WARN_INT_CONVERSION = YES;
				CLANG_WARN_OBJC_ROOT_CLASS = YES_ERROR;
				CLANG_WARN_SUSPICIOUS_MOVE = YES;
				CLANG_WARN_UNREACHABLE_CODE = YES;
				CLANG_WARN__DUPLICATE_METHOD_MATCH = YES;
				"CODE_SIGN_IDENTITY[sdk=iphoneos*]" = "iPhone Developer";
				COPY_PHASE_STRIP = NO;
				DEBUG_INFORMATION_FORMAT = "dwarf-with-dsym";
				ENABLE_NS_ASSERTIONS = NO;
				ENABLE_STRICT_OBJC_MSGSEND = YES;
				GCC_C_LANGUAGE_STANDARD = gnu99;
				GCC_NO_COMMON_BLOCKS = YES;
				GCC_WARN_64_TO_32_BIT_CONVERSION = YES;
				GCC_WARN_ABOUT_RETURN_TYPE = YES_ERROR;
				GCC_WARN_UNDECLARED_SELECTOR = YES;
				GCC_WARN_UNINITIALIZED_AUTOS = YES_AGGRESSIVE;
				GCC_WARN_UNUSED_FUNCTION = YES;
				GCC_WARN_UNUSED_VARIABLE = YES;
				IPHONEOS_DEPLOYMENT_TARGET = 10.3;
				MTL_ENABLE_DEBUG_INFO = NO;
				SDKROOT = iphoneos;
				SWIFT_OPTIMIZATION_LEVEL = "-Owholemodule";
				TARGETED_DEVICE_FAMILY = "1,2";
				VALIDATE_PRODUCT = YES;
			};
			name = Release;
		};
		49B4AFA41F5C671500102A34 /* Debug */ = {
			isa = XCBuildConfiguration;
			buildSettings = {
				ASSETCATALOG_COMPILER_APPICON_NAME = AppIcon;
				DEVELOPMENT_TEAM = S67SBSB58B;
				INFOPLIST_FILE = "Flash Memory/Info.plist";
				LD_RUNPATH_SEARCH_PATHS = "$(inherited) @executable_path/Frameworks";
				PRODUCT_BUNDLE_IDENTIFIER = "com.Ty-Marking.Flash-Memory";
				PRODUCT_NAME = "$(TARGET_NAME)";
				SWIFT_VERSION = 3.0;
			};
			name = Debug;
		};
		49B4AFA51F5C671500102A34 /* Release */ = {
			isa = XCBuildConfiguration;
			buildSettings = {
				ASSETCATALOG_COMPILER_APPICON_NAME = AppIcon;
				DEVELOPMENT_TEAM = S67SBSB58B;
				INFOPLIST_FILE = "Flash Memory/Info.plist";
				LD_RUNPATH_SEARCH_PATHS = "$(inherited) @executable_path/Frameworks";
				PRODUCT_BUNDLE_IDENTIFIER = "com.Ty-Marking.Flash-Memory";
				PRODUCT_NAME = "$(TARGET_NAME)";
				SWIFT_VERSION = 3.0;
			};
			name = Release;
		};
/* End XCBuildConfiguration section */

/* Begin XCConfigurationList section */
		49B4AF8C1F5C671500102A34 /* Build configuration list for PBXProject "Flash Memory" */ = {
			isa = XCConfigurationList;
			buildConfigurations = (
				49B4AFA11F5C671500102A34 /* Debug */,
				49B4AFA21F5C671500102A34 /* Release */,
			);
			defaultConfigurationIsVisible = 0;
			defaultConfigurationName = Release;
		};
		49B4AFA31F5C671500102A34 /* Build configuration list for PBXNativeTarget "Flash Memory" */ = {
			isa = XCConfigurationList;
			buildConfigurations = (
				49B4AFA41F5C671500102A34 /* Debug */,
				49B4AFA51F5C671500102A34 /* Release */,
			);
			defaultConfigurationIsVisible = 0;
			defaultConfigurationName = Release;
		};
/* End XCConfigurationList section */
	};
	rootObject = 49B4AF891F5C671500102A34 /* Project object */;
}
